
Microsoft Visual Studio Solution File, Format Version 12.00
# Visual Studio Version 17
VisualStudioVersion = 17.11.35327.3
MinimumVisualStudioVersion = 10.0.40219.1
Project("{9A19103F-16F7-4668-BE54-9A1E7A4F7556}") = "Exercises01", "Exercises01\Exercises01.csproj", "{699857B4-FF8B-4021-B7E9-B24505C2B488}"
EndProject
Project("{FAE04EC0-301F-11D3-BF4B-00C04F79EFBC}") = "Exercises02", "Exercises02\Exercises02.csproj", "{EFC04F5B-82CF-48C0-82FD-5FF624D6D30E}"
EndProject
Global
	GlobalSection(SolutionConfigurationPlatforms) = preSolution
		Debug|Any CPU = Debug|Any CPU
		Release|Any CPU = Release|Any CPU
	EndGlobalSection
	GlobalSection(ProjectConfigurationPlatforms) = postSolution
		{699857B4-FF8B-4021-B7E9-B24505C2B488}.Debug|Any CPU.ActiveCfg = Debug|Any CPU
		{699857B4-FF8B-4021-B7E9-B24505C2B488}.Debug|Any CPU.Build.0 = Debug|Any CPU
		{699857B4-FF8B-4021-B7E9-B24505C2B488}.Release|Any CPU.ActiveCfg = Release|Any CPU
		{699857B4-FF8B-4021-B7E9-B24505C2B488}.Release|Any CPU.Build.0 = Release|Any CPU
		{EFC04F5B-82CF-48C0-82FD-5FF624D6D30E}.Debug|Any CPU.ActiveCfg = Debug|Any CPU
		{EFC04F5B-82CF-48C0-82FD-5FF624D6D30E}.Debug|Any CPU.Build.0 = Debug|Any CPU
		{EFC04F5B-82CF-48C0-82FD-5FF624D6D30E}.Release|Any CPU.ActiveCfg = Release|Any CPU
		{EFC04F5B-82CF-48C0-82FD-5FF624D6D30E}.Release|Any CPU.Build.0 = Release|Any CPU
	EndGlobalSection
	GlobalSection(SolutionProperties) = preSolution
		HideSolutionNode = FALSE
	EndGlobalSection
	GlobalSection(ExtensibilityGlobals) = postSolution
		SolutionGuid = {5C09B52D-E08D-42EE-A8BB-78E28AC48485}
	EndGlobalSection
EndGlobal
